{
    "_meta": {
        "hash": {
            "sha256": "7e6f2ac8f4f1fcc0a610c41364b588a30c7ed057396c1a5451dbfdd8f386e704"
        },
        "pipfile-spec": 6,
        "requires": {
            "python_version": "3.8"
        },
        "sources": [
            {
                "name": "pypi",
                "url": "https://pypi.org/simple",
                "verify_ssl": true
            }
        ]
    },
    "default": {},
    "develop": {}
}
