{
    "_meta": {
        "hash": {
            "sha256": "2d78a0e417e854e1c633269c4ab266094340eb5e6c5c2911a4100fded1e0c507"
        },
        "pipfile-spec": 6,
        "requires": {
            "python_version": "3.10"
        },
        "sources": [
            {
                "name": "pypi",
                "url": "https://pypi.org/simple",
                "verify_ssl": true
            }
        ]
    },
    "default": {},
    "develop": {}
}
